#MicroXplorer Configuration settings - do not modify
Mcu.Family=STM32F3
ProjectManager.MainLocation=Core/Src
NVIC.DMA1_Channel6_IRQn=true\:5\:0\:false\:false\:true\:true\:false
RCC.MCOFreq_Value=36000000
Dma.USART2_TX.1.Priority=DMA_PRIORITY_LOW
NVIC.CAN_RX1_IRQn=true\:0\:0\:false\:false\:true\:true\:true
RCC.USART1Freq_Value=18000000
ProjectManager.ProjectFileName=monoproject.ioc
RCC.ADC12outputFreq_Value=36000000
RCC.CortexFreq_Value=36000000
ProjectManager.KeepUserCode=true
PF0\ /\ OSC_IN.Mode=HSE-External-Clock-Source
Mcu.UserName=STM32F303K8Tx
PA15.GPIOParameters=GPIO_Label
Mcu.PinsNb=9
ProjectManager.NoMain=false
Dma.USART2_TX.1.MemInc=DMA_MINC_ENABLE
NVIC.CAN_RX0_IRQn=true\:0\:0\:false\:false\:true\:true\:true
CAN.CalculateBaudRate=375000
RCC.PLLCLKFreq_Value=36000000
RCC.SYSCLKSourceVirtual=RCC_SYSCLKSOURCE_PLLCLK
ProjectManager.functionlistsort=1-MX_GPIO_Init-GPIO-false-HAL-true,2-SystemClock_Config-RCC-false-HAL-false,3-MX_DMA_Init-DMA-false-HAL-true
Dma.USART2_RX.0.Direction=DMA_PERIPH_TO_MEMORY
PA11.Mode=CAN_Activate
RCC.RTCFreq_Value=40000
ProjectManager.DefaultFWLocation=true
RCC.HSEPLLFreq_Value=8000000
RCC.USART2Freq_Value=8000000
PF0\ /\ OSC_IN.GPIOParameters=GPIO_Label
ProjectManager.DeletePrevious=true
RCC.HSIPLLFreq_Value=4000000
RCC.APB1CLKDivider=RCC_HCLK_DIV2
boardIOC=true
Dma.USART2_TX.1.PeriphDataAlignment=DMA_PDATAALIGN_BYTE
PA2.GPIOParameters=GPIO_Label
Dma.USART2_TX.1.RequestParameters=Instance,Direction,PeriphInc,MemInc,PeriphDataAlignment,MemDataAlignment,Mode,Priority
CAN.CalculateTimeBit=2666.66
PinOutPanel.RotationAngle=0
RCC.FamilyName=M
ProjectManager.StackSize=0x400
Dma.USART2_RX.0.Mode=DMA_NORMAL
PA13.Signal=SYS_JTMS-SWDIO
Mcu.IP4=SYS
RCC.FCLKCortexFreq_Value=36000000
Mcu.IP2=NVIC
NVIC.SVCall_IRQn=true\:0\:0\:false\:false\:false\:false\:false
Mcu.IP3=RCC
PA15.GPIO_Label=VCP_RX
Mcu.IP0=CAN
Mcu.IP1=DMA
PA15.Locked=true
PA12.Signal=CAN_TX
Mcu.UserConstants=
ProjectManager.TargetToolchain=STM32CubeIDE
Dma.USART2_RX.0.Priority=DMA_PRIORITY_LOW
Mcu.ThirdPartyNb=0
Dma.USART2_RX.0.PeriphDataAlignment=DMA_PDATAALIGN_BYTE
RCC.HCLKFreq_Value=36000000
Mcu.IPNb=5
ProjectManager.PreviousToolchain=SW4STM32
RCC.APB2TimFreq_Value=36000000
PB1.GPIO_ModeDefaultEXTI=GPIO_MODE_IT_RISING
PB6.Signal=I2C1_SCL
Dma.USART2_TX.1.Mode=DMA_NORMAL
PB6.Mode=I2C
Mcu.Pin6=PA15
Mcu.Pin7=PB6
ProjectManager.RegisterCallBack=
Mcu.Pin8=VP_SYS_VS_Systick
RCC.AHBFreq_Value=36000000
RCC.TIM2Freq_Value=36000000
PB1.Locked=true
Mcu.Pin0=PF0 / OSC_IN
Mcu.Pin1=PA2
GPIO